// !$*UTF8*$!
{
	archiveVersion = 1;
	classes = {
	};
	objectVersion = 50;
	objects = {

/* Begin PBXBuildFile section */
		2EE1136F2176F5DB00D41B40 /* AppDelegate.swift in Sources */ = {isa = PBXBuildFile; fileRef = 2EE1136E2176F5DB00D41B40 /* AppDelegate.swift */; };
		2EE113712176F5DB00D41B40 /* ViewController.swift in Sources */ = {isa = PBXBuildFile; fileRef = 2EE113702176F5DB00D41B40 /* ViewController.swift */; };
		2EE113742176F5DB00D41B40 /* Main.storyboard in Resources */ = {isa = PBXBuildFile; fileRef = 2EE113722176F5DB00D41B40 /* Main.storyboard */; };
		2EE113762176F5DD00D41B40 /* Assets.xcassets in Resources */ = {isa = PBXBuildFile; fileRef = 2EE113752176F5DD00D41B40 /* Assets.xcassets */; };
		2EE113792176F5DD00D41B40 /* LaunchScreen.storyboard in Resources */ = {isa = PBXBuildFile; fileRef = 2EE113772176F5DD00D41B40 /* LaunchScreen.storyboard */; };
		2EE113812177843B00D41B40 /* Colors.swift in Sources */ = {isa = PBXBuildFile; fileRef = 2EE113802177843B00D41B40 /* Colors.swift */; };
		2EE113832177B5A400D41B40 /* ColorDetailViewController.swift in Sources */ = {isa = PBXBuildFile; fileRef = 2EE113822177B5A400D41B40 /* ColorDetailViewController.swift */; };
/* End PBXBuildFile section */

/* Begin PBXFileReference section */
		2EE1136B2176F5DB00D41B40 /* ColorsWithNavigation.app */ = {isa = PBXFileReference; explicitFileType = wrapper.application; includeInIndex = 0; path = ColorsWithNavigation.app; sourceTree = BUILT_PRODUCTS_DIR; };
		2EE1136E2176F5DB00D41B40 /* AppDelegate.swift */ = {isa = PBXFileReference; lastKnownFileType = sourcecode.swift; path = AppDelegate.swift; sourceTree = "<group>"; };
		2EE113702176F5DB00D41B40 /* ViewController.swift */ = {isa = PBXFileReference; lastKnownFileType = sourcecode.swift; path = ViewController.swift; sourceTree = "<group>"; };
		2EE113732176F5DB00D41B40 /* Base */ = {isa = PBXFileReference; lastKnownFileType = file.storyboard; name = Base; path = Base.lproj/Main.storyboard; sourceTree = "<group>"; };
		2EE113752176F5DD00D41B40 /* Assets.xcassets */ = {isa = PBXFileReference; lastKnownFileType = folder.assetcatalog; path = Assets.xcassets; sourceTree = "<group>"; };
		2EE113782176F5DD00D41B40 /* Base */ = {isa = PBXFileReference; lastKnownFileType = file.storyboard; name = Base; path = Base.lproj/LaunchScreen.storyboard; sourceTree = "<group>"; };
		2EE1137A2176F5DD00D41B40 /* Info.plist */ = {isa = PBXFileReference; lastKnownFileType = text.plist.xml; path = Info.plist; sourceTree = "<group>"; };
		2EE113802177843B00D41B40 /* Colors.swift */ = {isa = PBXFileReference; lastKnownFileType = sourcecode.swift; path = Colors.swift; sourceTree = "<group>"; };
		2EE113822177B5A400D41B40 /* ColorDetailViewController.swift */ = {isa = PBXFileReference; lastKnownFileType = sourcecode.swift; path = ColorDetailViewController.swift; sourceTree = "<group>"; };
/* End PBXFileReference section */

/* Begin PBXFrameworksBuildPhase section */
		2EE113682176F5DB00D41B40 /* Frameworks */ = {
			isa = PBXFrameworksBuildPhase;
			buildActionMask = 2147483647;
			files = (
			);
			runOnlyForDeploymentPostprocessing = 0;
		};
/* End PBXFrameworksBuildPhase section */

/* Begin PBXGroup section */
		2EE113622176F5DB00D41B40 = {
			isa = PBXGroup;
			children = (
				2EE1136D2176F5DB00D41B40 /* ColorsWithNavigation */,
				2EE1136C2176F5DB00D41B40 /* Products */,
			);
			sourceTree = "<group>";
		};
		2EE1136C2176F5DB00D41B40 /* Products */ = {
			isa = PBXGroup;
			children = (
				2EE1136B2176F5DB00D41B40 /* ColorsWithNavigation.app */,
			);
			name = Products;
			sourceTree = "<group>";
		};
		2EE1136D2176F5DB00D41B40 /* ColorsWithNavigation */ = {
			isa = PBXGroup;
			children = (
				2EE1136E2176F5DB00D41B40 /* AppDelegate.swift */,
				2EE113702176F5DB00D41B40 /* ViewController.swift */,
				2EE113802177843B00D41B40 /* Colors.swift */,
				2EE113822177B5A400D41B40 /* ColorDetailViewController.swift */,
				2EE113722176F5DB00D41B40 /* Main.storyboard */,
				2EE113752176F5DD00D41B40 /* Assets.xcassets */,
				2EE113772176F5DD00D41B40 /* LaunchScreen.storyboard */,
				2EE1137A2176F5DD00D41B40 /* Info.plist */,
			);
			path = ColorsWithNavigation;
			sourceTree = "<group>";
		};
/* End PBXGroup section */

/* Begin PBXNativeTarget section */
		2EE1136A2176F5DB00D41B40 /* ColorsWithNavigation */ = {
			isa = PBXNativeTarget;
			buildConfigurationList = 2EE1137D2176F5DD00D41B40 /* Build configuration list for PBXNativeTarget "ColorsWithNavigation" */;
			buildPhases = (
				2EE113672176F5DB00D41B40 /* Sources */,
				2EE113682176F5DB00D41B40 /* Frameworks */,
				2EE113692176F5DB00D41B40 /* Resources */,
			);
			buildRules = (
			);
			dependencies = (
			);
			name = ColorsWithNavigation;
			productName = ColorsWithNavigation;
			productReference = 2EE1136B2176F5DB00D41B40 /* ColorsWithNavigation.app */;
			productType = "com.apple.product-type.application";
		};
/* End PBXNativeTarget section */

/* Begin PBXProject section */
		2EE113632176F5DB00D41B40 /* Project object */ = {
			isa = PBXProject;
			attributes = {
				LastSwiftUpdateCheck = 1000;
				LastUpgradeCheck = 1000;
				ORGANIZATIONNAME = "Zachary Pierucci";
				TargetAttributes = {
					2EE1136A2176F5DB00D41B40 = {
						CreatedOnToolsVersion = 10.0;
					};
				};
			};
			buildConfigurationList = 2EE113662176F5DB00D41B40 /* Build configuration list for PBXProject "ColorsWithNavigation" */;
			compatibilityVersion = "Xcode 9.3";
			developmentRegion = en;
			hasScannedForEncodings = 0;
			knownRegions = (
				en,
				Base,
			);
			mainGroup = 2EE113622176F5DB00D41B40;
			productRefGroup = 2EE1136C2176F5DB00D41B40 /* Products */;
			projectDirPath = "";
			projectRoot = "";
			targets = (
				2EE1136A2176F5DB00D41B40 /* ColorsWithNavigation */,
			);
		};
/* End PBXProject section */

/* Begin PBXResourcesBuildPhase section */
		2EE113692176F5DB00D41B40 /* Resources */ = {
			isa = PBXResourcesBuildPhase;
			buildActionMask = 2147483647;
			files = (
				2EE113792176F5DD00D41B40 /* LaunchScreen.storyboard in Resources */,
				2EE113762176F5DD00D41B40 /* Assets.xcassets in Resources */,
				2EE113742176F5DB00D41B40 /* Main.storyboard in Resources */,
			);
			runOnlyForDeploymentPostprocessing = 0;
		};
/* End PBXResourcesBuildPhase section */

/* Begin PBXSourcesBuildPhase section */
		2EE113672176F5DB00D41B40 /* Sources */ = {
			isa = PBXSourcesBuildPhase;
			buildActionMask = 2147483647;
			files = (
				2EE113712176F5DB00D41B40 /* ViewController.swift in Sources */,
				2EE113812177843B00D41B40 /* Colors.swift in Sources */,
				2EE1136F2176F5DB00D41B40 /* AppDelegate.swift in Sources */,
				2EE113832177B5A400D41B40 /* ColorDetailViewController.swift in Sources */,
			);
			runOnlyForDeploymentPostprocessing = 0;
		};
/* End PBXSourcesBuildPhase section */

/* Begin PBXVariantGroup section */
		2EE113722176F5DB00D41B40 /* Main.storyboard */ = {
			isa = PBXVariantGroup;
			children = (
				2EE113732176F5DB00D41B40 /* Base */,
			);
			name = Main.storyboard;
			sourceTree = "<group>";
		};
		2EE113772176F5DD00D41B40 /* LaunchScreen.storyboard */ = {
			isa = PBXVariantGroup;
			children = (
				2EE113782176F5DD00D41B40 /* Base */,
			);
			name = LaunchScreen.storyboard;
			sourceTree = "<group>";
		};
/* End PBXVariantGroup section */

/* Begin XCBuildConfiguration section */
		2EE1137B2176F5DD00D41B40 /* Debug */ = {
			isa = XCBuildConfiguration;
			buildSettings = {
				ALWAYS_SEARCH_USER_PATHS = NO;
				CLANG_ANALYZER_NONNULL = YES;
				CLANG_ANALYZER_NUMBER_OBJECT_CONVERSION = YES_AGGRESSIVE;
				CLANG_CXX_LANGUAGE_STANDARD = "gnu++14";
				CLANG_CXX_LIBRARY = "libc++";
				CLANG_ENABLE_MODULES = YES;
				CLANG_ENABLE_OBJC_ARC = YES;
				CLANG_ENABLE_OBJC_WEAK = YES;
				CLANG_WARN_BLOCK_CAPTURE_AUTORELEASING = YES;
				CLANG_WARN_BOOL_CONVERSION = YES;
				CLANG_WARN_COMMA = YES;
				CLANG_WARN_CONSTANT_CONVERSION = YES;
				CLANG_WARN_DEPRECATED_OBJC_IMPLEMENTATIONS = YES;
				CLANG_WARN_DIRECT_OBJC_ISA_USAGE = YES_ERROR;
				CLANG_WARN_DOCUMENTATION_COMMENTS = YES;
				CLANG_WARN_EMPTY_BODY = YES;
				CLANG_WARN_ENUM_CONVERSION = YES;
				CLANG_WARN_INFINITE_RECURSION = YES;
				CLANG_WARN_INT_CONVERSION = YES;
				CLANG_WARN_NON_LITERAL_NULL_CONVERSION = YES;
				CLANG_WARN_OBJC_IMPLICIT_RETAIN_SELF = YES;
				CLANG_WARN_OBJC_LITERAL_CONVERSION = YES;
				CLANG_WARN_OBJC_ROOT_CLASS = YES_ERROR;
				CLANG_WARN_RANGE_LOOP_ANALYSIS = YES;
				CLANG_WARN_STRICT_PROTOTYPES = YES;
				CLANG_WARN_SUSPICIOUS_MOVE = YES;
				CLANG_WARN_UNGUARDED_AVAILABILITY = YES_AGGRESSIVE;
				CLANG_WARN_UNREACHABLE_CODE = YES;
				CLANG_WARN__DUPLICATE_METHOD_MATCH = YES;
				CODE_SIGN_IDENTITY = "iPhone Developer";
				COPY_PHASE_STRIP = NO;
				DEBUG_INFORMATION_FORMAT = dwarf;
				ENABLE_STRICT_OBJC_MSGSEND = YES;
				ENABLE_TESTABILITY = YES;
				GCC_C_LANGUAGE_STANDARD = gnu11;
				GCC_DYNAMIC_NO_PIC = NO;
				GCC_NO_COMMON_BLOCKS = YES;
				GCC_OPTIMIZATION_LEVEL = 0;
				GCC_PREPROCESSOR_DEFINITIONS = (
					"DEBUG=1",
					"$(inherited)",
				);
				GCC_WARN_64_TO_32_BIT_CONVERSION = YES;
				GCC_WARN_ABOUT_RETURN_TYPE = YES_ERROR;
				GCC_WARN_UNDECLARED_SELECTOR = YES;
				GCC_WARN_UNINITIALIZED_AUTOS = YES_AGGRESSIVE;
				GCC_WARN_UNUSED_FUNCTION = YES;
				GCC_WARN_UNUSED_VARIABLE = YES;
				IPHONEOS_DEPLOYMENT_TARGET = 12.0;
				MTL_ENABLE_DEBUG_INFO = INCLUDE_SOURCE;
				MTL_FAST_MATH = YES;
				ONLY_ACTIVE_ARCH = YES;
				SDKROOT = iphoneos;
				SWIFT_ACTIVE_COMPILATION_CONDITIONS = DEBUG;
				SWIFT_OPTIMIZATION_LEVEL = "-Onone";
			};
			name = Debug;
		};
		2EE1137C2176F5DD00D41B40 /* Release */ = {
			isa = XCBuildConfiguration;
			buildSettings = {
				ALWAYS_SEARCH_USER_PATHS = NO;
				CLANG_ANALYZER_NONNULL = YES;
				CLANG_ANALYZER_NUMBER_OBJECT_CONVERSION = YES_AGGRESSIVE;
				CLANG_CXX_LANGUAGE_STANDARD = "gnu++14";
				CLANG_CXX_LIBRARY = "libc++";
				CLANG_ENABLE_MODULES = YES;
				CLANG_ENABLE_OBJC_ARC = YES;
				CLANG_ENABLE_OBJC_WEAK = YES;
				CLANG_WARN_BLOCK_CAPTURE_AUTORELEASING = YES;
				CLANG_WARN_BOOL_CONVERSION = YES;
				CLANG_WARN_COMMA = YES;
				CLANG_WARN_CONSTANT_CONVERSION = YES;
				CLANG_WARN_DEPRECATED_OBJC_IMPLEMENTATIONS = YES;
				CLANG_WARN_DIRECT_OBJC_ISA_USAGE = YES_ERROR;
				CLANG_WARN_DOCUMENTATION_COMMENTS = YES;
				CLANG_WARN_EMPTY_BODY = YES;
				CLANG_WARN_ENUM_CONVERSION = YES;
				CLANG_WARN_INFINITE_RECURSION = YES;
				CLANG_WARN_INT_CONVERSION = YES;
				CLANG_WARN_NON_LITERAL_NULL_CONVERSION = YES;
				CLANG_WARN_OBJC_IMPLICIT_RETAIN_SELF = YES;
				CLANG_WARN_OBJC_LITERAL_CONVERSION = YES;
				CLANG_WARN_OBJC_ROOT_CLASS = YES_ERROR;
				CLANG_WARN_RANGE_LOOP_ANALYSIS = YES;
				CLANG_WARN_STRICT_PROTOTYPES = YES;
				CLANG_WARN_SUSPICIOUS_MOVE = YES;
				CLANG_WARN_UNGUARDED_AVAILABILITY = YES_AGGRESSIVE;
				CLANG_WARN_UNREACHABLE_CODE = YES;
				CLANG_WARN__DUPLICATE_METHOD_MATCH = YES;
				CODE_SIGN_IDENTITY = "iPhone Developer";
				COPY_PHASE_STRIP = NO;
				DEBUG_INFORMATION_FORMAT = "dwarf-with-dsym";
				ENABLE_NS_ASSERTIONS = NO;
				ENABLE_STRICT_OBJC_MSGSEND = YES;
				GCC_C_LANGUAGE_STANDARD = gnu11;
				GCC_NO_COMMON_BLOCKS = YES;
				GCC_WARN_64_TO_32_BIT_CONVERSION = YES;
				GCC_WARN_ABOUT_RETURN_TYPE = YES_ERROR;
				GCC_WARN_UNDECLARED_SELECTOR = YES;
				GCC_WARN_UNINITIALIZED_AUTOS = YES_AGGRESSIVE;
				GCC_WARN_UNUSED_FUNCTION = YES;
				GCC_WARN_UNUSED_VARIABLE = YES;
				IPHONEOS_DEPLOYMENT_TARGET = 12.0;
				MTL_ENABLE_DEBUG_INFO = NO;
				MTL_FAST_MATH = YES;
				SDKROOT = iphoneos;
				SWIFT_COMPILATION_MODE = wholemodule;
				SWIFT_OPTIMIZATION_LEVEL = "-O";
				VALIDATE_PRODUCT = YES;
			};
			name = Release;
		};
		2EE1137E2176F5DD00D41B40 /* Debug */ = {
			isa = XCBuildConfiguration;
			buildSettings = {
				ASSETCATALOG_COMPILER_APPICON_NAME = AppIcon;
				CODE_SIGN_STYLE = Automatic;
				INFOPLIST_FILE = ColorsWithNavigation/Info.plist;
				LD_RUNPATH_SEARCH_PATHS = (
					"$(inherited)",
					"@executable_path/Frameworks",
				);
				PRODUCT_BUNDLE_IDENTIFIER = com.zacharypierucci.ColorsWithNavigation;
				PRODUCT_NAME = "$(TARGET_NAME)";
				SWIFT_VERSION = 4.2;
				TARGETED_DEVICE_FAMILY = "1,2";
			};
			name = Debug;
		};
		2EE1137F2176F5DD00D41B40 /* Release */ = {
			isa = XCBuildConfiguration;
			buildSettings = {
				ASSETCATALOG_COMPILER_APPICON_NAME = AppIcon;
				CODE_SIGN_STYLE = Automatic;
				INFOPLIST_FILE = ColorsWithNavigation/Info.plist;
				LD_RUNPATH_SEARCH_PATHS = (
					"$(inherited)",
					"@executable_path/Frameworks",
				);
				PRODUCT_BUNDLE_IDENTIFIER = com.zacharypierucci.ColorsWithNavigation;
				PRODUCT_NAME = "$(TARGET_NAME)";
				SWIFT_VERSION = 4.2;
				TARGETED_DEVICE_FAMILY = "1,2";
			};
			name = Release;
		};
/* End XCBuildConfiguration section */

/* Begin XCConfigurationList section */
		2EE113662176F5DB00D41B40 /* Build configuration list for PBXProject "ColorsWithNavigation" */ = {
			isa = XCConfigurationList;
			buildConfigurations = (
				2EE1137B2176F5DD00D41B40 /* Debug */,
				2EE1137C2176F5DD00D41B40 /* Release */,
			);
			defaultConfigurationIsVisible = 0;
			defaultConfigurationName = Release;
		};
		2EE1137D2176F5DD00D41B40 /* Build configuration list for PBXNativeTarget "ColorsWithNavigation" */ = {
			isa = XCConfigurationList;
			buildConfigurations = (
				2EE1137E2176F5DD00D41B40 /* Debug */,
				2EE1137F2176F5DD00D41B40 /* Release */,
			);
			defaultConfigurationIsVisible = 0;
			defaultConfigurationName = Release;
		};
/* End XCConfigurationList section */
	};
	rootObject = 2EE113632176F5DB00D41B40 /* Project object */;
}
